
Microsoft Visual Studio Solution File, Format Version 12.00
# Visual Studio 15
VisualStudioVersion = 15.0.27004.2009
MinimumVisualStudioVersion = 10.0.40219.1
Project("{FAE04EC0-301F-11D3-BF4B-00C04F79EFBC}") = "StockAnalyzerApp", "StockAnalyzerApp\StockAnalyzerApp.csproj", "{4160792F-0A7C-4ABE-AD3D-83603AD6DF29}"
	ProjectSection(ProjectDependencies) = postProject
		{723891D8-B467-4277-BFC7-9D4E71DEF426} = {723891D8-B467-4277-BFC7-9D4E71DEF426}
	EndProjectSection
EndProject
Project("{FAE04EC0-301F-11D3-BF4B-00C04F79EFBC}") = "StockAnalyzerLib", "StockAnalyzer\StockAnalyzerLib.csproj", "{723891D8-B467-4277-BFC7-9D4E71DEF426}"
EndProject
Project("{FAE04EC0-301F-11D3-BF4B-00C04F79EFBC}") = "StockAnalyzerSettings", "StockAnalyzerSettings\StockAnalyzerSettings.csproj", "{D7BE95C8-BCE9-4E66-B305-C85D07936F73}"
EndProject
Project("{FAE04EC0-301F-11D3-BF4B-00C04F79EFBC}") = "StockDownloader", "StockDownloader\StockDownloader.csproj", "{75C3BB2F-4073-46BE-A3FD-175DFBAD53FF}"
EndProject
Project("{FAE04EC0-301F-11D3-BF4B-00C04F79EFBC}") = "StockAnalyzerTest", "StockAnalyzerTest\StockAnalyzerTest.csproj", "{87F4F775-6F91-4702-B25C-84A50FC87026}"
EndProject
Project("{2150E333-8FDC-42A3-9474-1A3956D46DE8}") = "Solution Items", "Solution Items", "{F92D739E-9B6C-434F-AF40-912E9639E03C}"
	ProjectSection(SolutionItems) = preProject
		Local.testsettings = Local.testsettings
		StockAnalyzerApp.vsmdi = StockAnalyzerApp.vsmdi
		TraceAndTestImpact.testsettings = TraceAndTestImpact.testsettings
	EndProjectSection
EndProject
Project("{FAE04EC0-301F-11D3-BF4B-00C04F79EFBC}") = "StockYahooDownloader", "StockYahooDownloader\StockYahooDownloader\StockYahooDownloader.csproj", "{349F2143-1FD2-41BB-83D3-05AF0105AF0E}"
EndProject
Project("{FAE04EC0-301F-11D3-BF4B-00C04F79EFBC}") = "StockLicenseKeyGenerator", "StockLicenseKeyGenerator\StockLicenseKeyGenerator.csproj", "{DD32CBB8-4471-4292-99F3-B6064DF7D6D0}"
EndProject
Global
	GlobalSection(SolutionConfigurationPlatforms) = preSolution
		Debug|Any CPU = Debug|Any CPU
		Debug|Mixed Platforms = Debug|Mixed Platforms
		Debug|x86 = Debug|x86
		Release|Any CPU = Release|Any CPU
		Release|Mixed Platforms = Release|Mixed Platforms
		Release|x86 = Release|x86
	EndGlobalSection
	GlobalSection(ProjectConfigurationPlatforms) = postSolution
		{4160792F-0A7C-4ABE-AD3D-83603AD6DF29}.Debug|Any CPU.ActiveCfg = Debug|Any CPU
		{4160792F-0A7C-4ABE-AD3D-83603AD6DF29}.Debug|Any CPU.Build.0 = Debug|Any CPU
		{4160792F-0A7C-4ABE-AD3D-83603AD6DF29}.Debug|Mixed Platforms.ActiveCfg = Debug|Any CPU
		{4160792F-0A7C-4ABE-AD3D-83603AD6DF29}.Debug|Mixed Platforms.Build.0 = Debug|Any CPU
		{4160792F-0A7C-4ABE-AD3D-83603AD6DF29}.Debug|x86.ActiveCfg = Debug|Any CPU
		{4160792F-0A7C-4ABE-AD3D-83603AD6DF29}.Release|Any CPU.ActiveCfg = Release|Any CPU
		{4160792F-0A7C-4ABE-AD3D-83603AD6DF29}.Release|Any CPU.Build.0 = Release|Any CPU
		{4160792F-0A7C-4ABE-AD3D-83603AD6DF29}.Release|Mixed Platforms.ActiveCfg = Release|Any CPU
		{4160792F-0A7C-4ABE-AD3D-83603AD6DF29}.Release|Mixed Platforms.Build.0 = Release|Any CPU
		{4160792F-0A7C-4ABE-AD3D-83603AD6DF29}.Release|x86.ActiveCfg = Release|Any CPU
		{723891D8-B467-4277-BFC7-9D4E71DEF426}.Debug|Any CPU.ActiveCfg = Debug|Any CPU
		{723891D8-B467-4277-BFC7-9D4E71DEF426}.Debug|Any CPU.Build.0 = Debug|Any CPU
		{723891D8-B467-4277-BFC7-9D4E71DEF426}.Debug|Mixed Platforms.ActiveCfg = Debug|Any CPU
		{723891D8-B467-4277-BFC7-9D4E71DEF426}.Debug|Mixed Platforms.Build.0 = Debug|Any CPU
		{723891D8-B467-4277-BFC7-9D4E71DEF426}.Debug|x86.ActiveCfg = Debug|Any CPU
		{723891D8-B467-4277-BFC7-9D4E71DEF426}.Release|Any CPU.ActiveCfg = Release|Any CPU
		{723891D8-B467-4277-BFC7-9D4E71DEF426}.Release|Any CPU.Build.0 = Release|Any CPU
		{723891D8-B467-4277-BFC7-9D4E71DEF426}.Release|Mixed Platforms.ActiveCfg = Release|Any CPU
		{723891D8-B467-4277-BFC7-9D4E71DEF426}.Release|Mixed Platforms.Build.0 = Release|Any CPU
		{723891D8-B467-4277-BFC7-9D4E71DEF426}.Release|x86.ActiveCfg = Release|Any CPU
		{D7BE95C8-BCE9-4E66-B305-C85D07936F73}.Debug|Any CPU.ActiveCfg = Debug|Any CPU
		{D7BE95C8-BCE9-4E66-B305-C85D07936F73}.Debug|Any CPU.Build.0 = Debug|Any CPU
		{D7BE95C8-BCE9-4E66-B305-C85D07936F73}.Debug|Mixed Platforms.ActiveCfg = Debug|Any CPU
		{D7BE95C8-BCE9-4E66-B305-C85D07936F73}.Debug|Mixed Platforms.Build.0 = Debug|Any CPU
		{D7BE95C8-BCE9-4E66-B305-C85D07936F73}.Debug|x86.ActiveCfg = Debug|Any CPU
		{D7BE95C8-BCE9-4E66-B305-C85D07936F73}.Release|Any CPU.ActiveCfg = Release|Any CPU
		{D7BE95C8-BCE9-4E66-B305-C85D07936F73}.Release|Any CPU.Build.0 = Release|Any CPU
		{D7BE95C8-BCE9-4E66-B305-C85D07936F73}.Release|Mixed Platforms.ActiveCfg = Release|Any CPU
		{D7BE95C8-BCE9-4E66-B305-C85D07936F73}.Release|Mixed Platforms.Build.0 = Release|Any CPU
		{D7BE95C8-BCE9-4E66-B305-C85D07936F73}.Release|x86.ActiveCfg = Release|Any CPU
		{75C3BB2F-4073-46BE-A3FD-175DFBAD53FF}.Debug|Any CPU.ActiveCfg = Debug|x86
		{75C3BB2F-4073-46BE-A3FD-175DFBAD53FF}.Debug|Mixed Platforms.ActiveCfg = Debug|x86
		{75C3BB2F-4073-46BE-A3FD-175DFBAD53FF}.Debug|Mixed Platforms.Build.0 = Debug|x86
		{75C3BB2F-4073-46BE-A3FD-175DFBAD53FF}.Debug|x86.ActiveCfg = Debug|x86
		{75C3BB2F-4073-46BE-A3FD-175DFBAD53FF}.Debug|x86.Build.0 = Debug|x86
		{75C3BB2F-4073-46BE-A3FD-175DFBAD53FF}.Release|Any CPU.ActiveCfg = Release|x86
		{75C3BB2F-4073-46BE-A3FD-175DFBAD53FF}.Release|Mixed Platforms.ActiveCfg = Release|x86
		{75C3BB2F-4073-46BE-A3FD-175DFBAD53FF}.Release|Mixed Platforms.Build.0 = Release|x86
		{75C3BB2F-4073-46BE-A3FD-175DFBAD53FF}.Release|x86.ActiveCfg = Release|x86
		{75C3BB2F-4073-46BE-A3FD-175DFBAD53FF}.Release|x86.Build.0 = Release|x86
		{87F4F775-6F91-4702-B25C-84A50FC87026}.Debug|Any CPU.ActiveCfg = Debug|Any CPU
		{87F4F775-6F91-4702-B25C-84A50FC87026}.Debug|Any CPU.Build.0 = Debug|Any CPU
		{87F4F775-6F91-4702-B25C-84A50FC87026}.Debug|Mixed Platforms.ActiveCfg = Debug|Any CPU
		{87F4F775-6F91-4702-B25C-84A50FC87026}.Debug|Mixed Platforms.Build.0 = Debug|Any CPU
		{87F4F775-6F91-4702-B25C-84A50FC87026}.Debug|x86.ActiveCfg = Debug|Any CPU
		{87F4F775-6F91-4702-B25C-84A50FC87026}.Release|Any CPU.ActiveCfg = Release|Any CPU
		{87F4F775-6F91-4702-B25C-84A50FC87026}.Release|Any CPU.Build.0 = Release|Any CPU
		{87F4F775-6F91-4702-B25C-84A50FC87026}.Release|Mixed Platforms.ActiveCfg = Release|Any CPU
		{87F4F775-6F91-4702-B25C-84A50FC87026}.Release|Mixed Platforms.Build.0 = Release|Any CPU
		{87F4F775-6F91-4702-B25C-84A50FC87026}.Release|x86.ActiveCfg = Release|Any CPU
		{349F2143-1FD2-41BB-83D3-05AF0105AF0E}.Debug|Any CPU.ActiveCfg = Debug|x86
		{349F2143-1FD2-41BB-83D3-05AF0105AF0E}.Debug|Mixed Platforms.ActiveCfg = Debug|x86
		{349F2143-1FD2-41BB-83D3-05AF0105AF0E}.Debug|Mixed Platforms.Build.0 = Debug|x86
		{349F2143-1FD2-41BB-83D3-05AF0105AF0E}.Debug|x86.ActiveCfg = Debug|x86
		{349F2143-1FD2-41BB-83D3-05AF0105AF0E}.Debug|x86.Build.0 = Debug|x86
		{349F2143-1FD2-41BB-83D3-05AF0105AF0E}.Release|Any CPU.ActiveCfg = Release|x86
		{349F2143-1FD2-41BB-83D3-05AF0105AF0E}.Release|Mixed Platforms.ActiveCfg = Release|x86
		{349F2143-1FD2-41BB-83D3-05AF0105AF0E}.Release|Mixed Platforms.Build.0 = Release|x86
		{349F2143-1FD2-41BB-83D3-05AF0105AF0E}.Release|x86.ActiveCfg = Release|x86
		{349F2143-1FD2-41BB-83D3-05AF0105AF0E}.Release|x86.Build.0 = Release|x86
		{DD32CBB8-4471-4292-99F3-B6064DF7D6D0}.Debug|Any CPU.ActiveCfg = Debug|x86
		{DD32CBB8-4471-4292-99F3-B6064DF7D6D0}.Debug|Mixed Platforms.ActiveCfg = Debug|x86
		{DD32CBB8-4471-4292-99F3-B6064DF7D6D0}.Debug|Mixed Platforms.Build.0 = Debug|x86
		{DD32CBB8-4471-4292-99F3-B6064DF7D6D0}.Debug|x86.ActiveCfg = Debug|x86
		{DD32CBB8-4471-4292-99F3-B6064DF7D6D0}.Debug|x86.Build.0 = Debug|x86
		{DD32CBB8-4471-4292-99F3-B6064DF7D6D0}.Release|Any CPU.ActiveCfg = Release|x86
		{DD32CBB8-4471-4292-99F3-B6064DF7D6D0}.Release|Mixed Platforms.ActiveCfg = Release|x86
		{DD32CBB8-4471-4292-99F3-B6064DF7D6D0}.Release|Mixed Platforms.Build.0 = Release|x86
		{DD32CBB8-4471-4292-99F3-B6064DF7D6D0}.Release|x86.ActiveCfg = Release|x86
		{DD32CBB8-4471-4292-99F3-B6064DF7D6D0}.Release|x86.Build.0 = Release|x86
	EndGlobalSection
	GlobalSection(SolutionProperties) = preSolution
		HideSolutionNode = FALSE
	EndGlobalSection
	GlobalSection(ExtensibilityGlobals) = postSolution
		SolutionGuid = {0894F80A-7D5B-464E-80BB-0C9C99103054}
	EndGlobalSection
	GlobalSection(TestCaseManagementSettings) = postSolution
		CategoryFile = StockAnalyzerApp.vsmdi
	EndGlobalSection
EndGlobal
