
Microsoft Visual Studio Solution File, Format Version 12.00
# Visual Studio Version 16
VisualStudioVersion = 16.0.30413.136
MinimumVisualStudioVersion = 10.0.40219.1
Project("{FAE04EC0-301F-11D3-BF4B-00C04F79EFBC}") = "Sornette", "Sornette.csproj", "{E86EB83C-92AF-420D-A0FC-BD7ACAD497C6}"
EndProject
Global
	GlobalSection(SolutionConfigurationPlatforms) = preSolution
		Debug|x86 = Debug|x86
		Release|x86 = Release|x86
	EndGlobalSection
	GlobalSection(ProjectConfigurationPlatforms) = postSolution
		{E86EB83C-92AF-420D-A0FC-BD7ACAD497C6}.Debug|x86.ActiveCfg = Debug|x86
		{E86EB83C-92AF-420D-A0FC-BD7ACAD497C6}.Debug|x86.Build.0 = Debug|x86
		{E86EB83C-92AF-420D-A0FC-BD7ACAD497C6}.Release|x86.ActiveCfg = Release|x86
		{E86EB83C-92AF-420D-A0FC-BD7ACAD497C6}.Release|x86.Build.0 = Release|x86
	EndGlobalSection
	GlobalSection(SolutionProperties) = preSolution
		HideSolutionNode = FALSE
	EndGlobalSection
	GlobalSection(ExtensibilityGlobals) = postSolution
		SolutionGuid = {CAB19349-526D-4C3D-B9AA-BF83AE842DA6}
	EndGlobalSection
EndGlobal
