
Microsoft Visual Studio Solution File, Format Version 12.00
# Visual Studio Version 16
VisualStudioVersion = 16.0.30804.86
MinimumVisualStudioVersion = 10.0.40219.1
Project("{FAE04EC0-301F-11D3-BF4B-00C04F79EFBC}") = "UltimateChartist", "UltimateChartist.csproj", "{22A30961-2FBD-4706-AABB-39FFFB3B41FB}"
EndProject
Project("{FAE04EC0-301F-11D3-BF4B-00C04F79EFBC}") = "StockAnalyzerLib", "..\UltimateChartistLib\StockAnalyzerLib.csproj", "{723891D8-B467-4277-BFC7-9D4E71DEF426}"
EndProject
Global
	GlobalSection(SolutionConfigurationPlatforms) = preSolution
		Debug|Any CPU = Debug|Any CPU
		Debug|x86 = Debug|x86
		Release|Any CPU = Release|Any CPU
		Release|x86 = Release|x86
	EndGlobalSection
	GlobalSection(ProjectConfigurationPlatforms) = postSolution
		{22A30961-2FBD-4706-AABB-39FFFB3B41FB}.Debug|Any CPU.ActiveCfg = Debug|x86
		{22A30961-2FBD-4706-AABB-39FFFB3B41FB}.Debug|x86.ActiveCfg = Debug|x86
		{22A30961-2FBD-4706-AABB-39FFFB3B41FB}.Debug|x86.Build.0 = Debug|x86
		{22A30961-2FBD-4706-AABB-39FFFB3B41FB}.Release|Any CPU.ActiveCfg = Release|x86
		{22A30961-2FBD-4706-AABB-39FFFB3B41FB}.Release|x86.ActiveCfg = Release|x86
		{22A30961-2FBD-4706-AABB-39FFFB3B41FB}.Release|x86.Build.0 = Release|x86
		{723891D8-B467-4277-BFC7-9D4E71DEF426}.Debug|Any CPU.ActiveCfg = Debug|Any CPU
		{723891D8-B467-4277-BFC7-9D4E71DEF426}.Debug|Any CPU.Build.0 = Debug|Any CPU
		{723891D8-B467-4277-BFC7-9D4E71DEF426}.Debug|x86.ActiveCfg = Debug|Any CPU
		{723891D8-B467-4277-BFC7-9D4E71DEF426}.Debug|x86.Build.0 = Debug|Any CPU
		{723891D8-B467-4277-BFC7-9D4E71DEF426}.Release|Any CPU.ActiveCfg = Release|Any CPU
		{723891D8-B467-4277-BFC7-9D4E71DEF426}.Release|Any CPU.Build.0 = Release|Any CPU
		{723891D8-B467-4277-BFC7-9D4E71DEF426}.Release|x86.ActiveCfg = Release|Any CPU
		{723891D8-B467-4277-BFC7-9D4E71DEF426}.Release|x86.Build.0 = Release|Any CPU
	EndGlobalSection
	GlobalSection(SolutionProperties) = preSolution
		HideSolutionNode = FALSE
	EndGlobalSection
	GlobalSection(ExtensibilityGlobals) = postSolution
		SolutionGuid = {A2CD711C-4B31-4D64-97A9-F68A434783D4}
	EndGlobalSection
EndGlobal
