
Microsoft Visual Studio Solution File, Format Version 12.00
# Visual Studio Version 17
VisualStudioVersion = 17.4.33213.308
MinimumVisualStudioVersion = 10.0.40219.1
Project("{FAE04EC0-301F-11D3-BF4B-00C04F79EFBC}") = "UltimateChartist", "UltimateChartist\UltimateChartist.csproj", "{9436F935-43E4-4AC7-81DF-201CDE531E69}"
EndProject
Global
	GlobalSection(SolutionConfigurationPlatforms) = preSolution
		Debug|Any CPU = Debug|Any CPU
		Release|Any CPU = Release|Any CPU
	EndGlobalSection
	GlobalSection(ProjectConfigurationPlatforms) = postSolution
		{9436F935-43E4-4AC7-81DF-201CDE531E69}.Debug|Any CPU.ActiveCfg = Debug|Any CPU
		{9436F935-43E4-4AC7-81DF-201CDE531E69}.Debug|Any CPU.Build.0 = Debug|Any CPU
		{9436F935-43E4-4AC7-81DF-201CDE531E69}.Release|Any CPU.ActiveCfg = Release|Any CPU
		{9436F935-43E4-4AC7-81DF-201CDE531E69}.Release|Any CPU.Build.0 = Release|Any CPU
	EndGlobalSection
	GlobalSection(SolutionProperties) = preSolution
		HideSolutionNode = FALSE
	EndGlobalSection
	GlobalSection(ExtensibilityGlobals) = postSolution
		SolutionGuid = {91731242-A3C5-41CB-BD47-E36862EDF0D1}
	EndGlobalSection
EndGlobal
