
Microsoft Visual Studio Solution File, Format Version 12.00
# Visual Studio Version 17
VisualStudioVersion = 17.14.36203.30 d17.14
MinimumVisualStudioVersion = 10.0.40219.1
Project("{FAE04EC0-301F-11D3-BF4B-00C04F79EFBC}") = "FrozenLake", "FrozenLake.csproj", "{95477C10-E01A-4F57-B19D-920CC6C31B96}"
EndProject
Global
	GlobalSection(SolutionConfigurationPlatforms) = preSolution
		Debug|Any CPU = Debug|Any CPU
		Release|Any CPU = Release|Any CPU
	EndGlobalSection
	GlobalSection(ProjectConfigurationPlatforms) = postSolution
		{95477C10-E01A-4F57-B19D-920CC6C31B96}.Debug|Any CPU.ActiveCfg = Debug|Any CPU
		{95477C10-E01A-4F57-B19D-920CC6C31B96}.Debug|Any CPU.Build.0 = Debug|Any CPU
		{95477C10-E01A-4F57-B19D-920CC6C31B96}.Release|Any CPU.ActiveCfg = Release|Any CPU
		{95477C10-E01A-4F57-B19D-920CC6C31B96}.Release|Any CPU.Build.0 = Release|Any CPU
	EndGlobalSection
	GlobalSection(SolutionProperties) = preSolution
		HideSolutionNode = FALSE
	EndGlobalSection
	GlobalSection(ExtensibilityGlobals) = postSolution
		SolutionGuid = {23D693A3-0D65-4052-9A81-88E67C6DE790}
	EndGlobalSection
EndGlobal
